
Microsoft Visual Studio Solution File, Format Version 10.00
# Visual Studio 2008
Project("{FAE04EC0-301F-11D3-BF4B-00C04F79EFBC}") = "DataRelay.Common", "Infrastructure\DataRelay\DataRelay.Common\DataRelay.Common.csproj", "{96D6B431-2895-4C2D-A9B3-2F96655F8C5F}"
	ProjectSection(ProjectDependencies) = postProject
		{A7168E1C-2A56-44BE-80C3-342B4A0EFC09} = {A7168E1C-2A56-44BE-80C3-342B4A0EFC09}
		{4331D056-5130-4E93-9318-6B406E4CAF7F} = {4331D056-5130-4E93-9318-6B406E4CAF7F}
		{919B42A5-AB36-4D9F-91BF-BB6D88117903} = {919B42A5-AB36-4D9F-91BF-BB6D88117903}
	EndProjectSection
EndProject
Project("{2150E333-8FDC-42A3-9474-1A3956D46DE8}") = "Data Relay", "Data Relay", "{40F105F4-6BE2-4BC5-9FDC-43AEB3C83257}"
EndProject
Project("{FAE04EC0-301F-11D3-BF4B-00C04F79EFBC}") = "Logging", "Core\Logging\Logging.csproj", "{919B42A5-AB36-4D9F-91BF-BB6D88117903}"
EndProject
Project("{FAE04EC0-301F-11D3-BF4B-00C04F79EFBC}") = "DataRelay.NodeFactory", "Infrastructure\DataRelay\DataRelay.NodeFactory\DataRelay.NodeFactory.csproj", "{A7168E1C-2A56-44BE-80C3-342B4A0EFC09}"
	ProjectSection(ProjectDependencies) = postProject
		{919B42A5-AB36-4D9F-91BF-BB6D88117903} = {919B42A5-AB36-4D9F-91BF-BB6D88117903}
	EndProjectSection
EndProject
Project("{FAE04EC0-301F-11D3-BF4B-00C04F79EFBC}") = "DataRelay.Client", "Infrastructure\DataRelay\DataRelay.Client\DataRelay.Client.csproj", "{9EAF04E0-5DB7-4FBD-A23C-B4C93DA1AE63}"
	ProjectSection(ProjectDependencies) = postProject
		{005F9115-4B6E-4B2E-B34B-EE110328AF2F} = {005F9115-4B6E-4B2E-B34B-EE110328AF2F}
		{A7168E1C-2A56-44BE-80C3-342B4A0EFC09} = {A7168E1C-2A56-44BE-80C3-342B4A0EFC09}
		{96D6B431-2895-4C2D-A9B3-2F96655F8C5F} = {96D6B431-2895-4C2D-A9B3-2F96655F8C5F}
		{4331D056-5130-4E93-9318-6B406E4CAF7F} = {4331D056-5130-4E93-9318-6B406E4CAF7F}
		{919B42A5-AB36-4D9F-91BF-BB6D88117903} = {919B42A5-AB36-4D9F-91BF-BB6D88117903}
	EndProjectSection
EndProject
Project("{2150E333-8FDC-42A3-9474-1A3956D46DE8}") = "Socket Transport", "Socket Transport", "{873ED04F-AD21-4643-9B14-6E3AC68E3380}"
EndProject
Project("{FAE04EC0-301F-11D3-BF4B-00C04F79EFBC}") = "Client", "Infrastructure\SocketTransport\Client\Client.csproj", "{005F9115-4B6E-4B2E-B34B-EE110328AF2F}"
	ProjectSection(ProjectDependencies) = postProject
		{4331D056-5130-4E93-9318-6B406E4CAF7F} = {4331D056-5130-4E93-9318-6B406E4CAF7F}
		{919B42A5-AB36-4D9F-91BF-BB6D88117903} = {919B42A5-AB36-4D9F-91BF-BB6D88117903}
		{83C780D4-F1CA-487A-AB8F-4987EE88380B} = {83C780D4-F1CA-487A-AB8F-4987EE88380B}
	EndProjectSection
EndProject
Project("{FAE04EC0-301F-11D3-BF4B-00C04F79EFBC}") = "ResourcePool", "Core\ResourcePool\ResourcePool.csproj", "{83C780D4-F1CA-487A-AB8F-4987EE88380B}"
EndProject
Project("{FAE04EC0-301F-11D3-BF4B-00C04F79EFBC}") = "RelayComponent.Forwarding", "Infrastructure\DataRelay\RelayComponent.Forwarding\RelayComponent.Forwarding.csproj", "{74FE2ACF-763C-483B-BF5D-673A807F7E17}"
	ProjectSection(ProjectDependencies) = postProject
		{4331D056-5130-4E93-9318-6B406E4CAF7F} = {4331D056-5130-4E93-9318-6B406E4CAF7F}
		{919B42A5-AB36-4D9F-91BF-BB6D88117903} = {919B42A5-AB36-4D9F-91BF-BB6D88117903}
		{83C780D4-F1CA-487A-AB8F-4987EE88380B} = {83C780D4-F1CA-487A-AB8F-4987EE88380B}
	EndProjectSection
EndProject
Project("{FAE04EC0-301F-11D3-BF4B-00C04F79EFBC}") = "DataRelay.Transports.Socket", "Infrastructure\DataRelay\DataRelay.Transports.Socket\DataRelay.Transports.Socket.csproj", "{8EE6155E-AD75-4D62-9E74-945E27565698}"
	ProjectSection(ProjectDependencies) = postProject
		{005F9115-4B6E-4B2E-B34B-EE110328AF2F} = {005F9115-4B6E-4B2E-B34B-EE110328AF2F}
		{4331D056-5130-4E93-9318-6B406E4CAF7F} = {4331D056-5130-4E93-9318-6B406E4CAF7F}
		{418EE160-F489-40A9-B108-A2E15F4C33B0} = {418EE160-F489-40A9-B108-A2E15F4C33B0}
		{919B42A5-AB36-4D9F-91BF-BB6D88117903} = {919B42A5-AB36-4D9F-91BF-BB6D88117903}
		{83C780D4-F1CA-487A-AB8F-4987EE88380B} = {83C780D4-F1CA-487A-AB8F-4987EE88380B}
	EndProjectSection
EndProject
Project("{FAE04EC0-301F-11D3-BF4B-00C04F79EFBC}") = "AsyncClient", "Infrastructure\SocketTransport\AsyncClient\AsyncClient.csproj", "{418EE160-F489-40A9-B108-A2E15F4C33B0}"
	ProjectSection(ProjectDependencies) = postProject
		{4331D056-5130-4E93-9318-6B406E4CAF7F} = {4331D056-5130-4E93-9318-6B406E4CAF7F}
		{919B42A5-AB36-4D9F-91BF-BB6D88117903} = {919B42A5-AB36-4D9F-91BF-BB6D88117903}
	EndProjectSection
EndProject
Project("{FAE04EC0-301F-11D3-BF4B-00C04F79EFBC}") = "Common", "Infrastructure\SocketTransport\Common\Common.csproj", "{95B832D2-E37D-4379-8568-D9296A82DB26}"
	ProjectSection(ProjectDependencies) = postProject
		{4331D056-5130-4E93-9318-6B406E4CAF7F} = {4331D056-5130-4E93-9318-6B406E4CAF7F}
		{919B42A5-AB36-4D9F-91BF-BB6D88117903} = {919B42A5-AB36-4D9F-91BF-BB6D88117903}
		{83C780D4-F1CA-487A-AB8F-4987EE88380B} = {83C780D4-F1CA-487A-AB8F-4987EE88380B}
	EndProjectSection
EndProject
Project("{2150E333-8FDC-42A3-9474-1A3956D46DE8}") = "Server", "Server", "{E05934F1-EB24-4B85-B42D-145954297333}"
EndProject
Project("{FAE04EC0-301F-11D3-BF4B-00C04F79EFBC}") = "DataRelay.WindowsService", "Infrastructure\DataRelay\DataRelay.WindowsService\DataRelay.WindowsService.csproj", "{5FADD177-94DA-4D87-A093-AE9ED5E07955}"
	ProjectSection(ProjectDependencies) = postProject
		{919B42A5-AB36-4D9F-91BF-BB6D88117903} = {919B42A5-AB36-4D9F-91BF-BB6D88117903}
	EndProjectSection
EndProject
Project("{FAE04EC0-301F-11D3-BF4B-00C04F79EFBC}") = "DataRelay.Server", "Infrastructure\DataRelay\DataRelay.Server\DataRelay.Server.csproj", "{0E785A6A-A89F-4ECA-8B4B-8904B4E159BE}"
	ProjectSection(ProjectDependencies) = postProject
		{A7168E1C-2A56-44BE-80C3-342B4A0EFC09} = {A7168E1C-2A56-44BE-80C3-342B4A0EFC09}
		{919B42A5-AB36-4D9F-91BF-BB6D88117903} = {919B42A5-AB36-4D9F-91BF-BB6D88117903}
	EndProjectSection
EndProject
Project("{FAE04EC0-301F-11D3-BF4B-00C04F79EFBC}") = "DataRelay.RelayNode", "Infrastructure\DataRelay\DataRelay.RelayNode\DataRelay.RelayNode.csproj", "{FDDB1E6C-4D27-4C59-93B7-46E3DE31A71F}"
	ProjectSection(ProjectDependencies) = postProject
		{A7168E1C-2A56-44BE-80C3-342B4A0EFC09} = {A7168E1C-2A56-44BE-80C3-342B4A0EFC09}
		{4331D056-5130-4E93-9318-6B406E4CAF7F} = {4331D056-5130-4E93-9318-6B406E4CAF7F}
		{D5DC866D-E472-443F-83E4-C01EC15360CF} = {D5DC866D-E472-443F-83E4-C01EC15360CF}
		{919B42A5-AB36-4D9F-91BF-BB6D88117903} = {919B42A5-AB36-4D9F-91BF-BB6D88117903}
	EndProjectSection
EndProject
Project("{FAE04EC0-301F-11D3-BF4B-00C04F79EFBC}") = "DataRelay.Server.Common", "Infrastructure\DataRelay\DataRelay.Server.Common\DataRelay.Server.Common.csproj", "{8F1BA59C-4464-4E76-8F9C-A7AF8B1E1D06}"
	ProjectSection(ProjectDependencies) = postProject
		{4331D056-5130-4E93-9318-6B406E4CAF7F} = {4331D056-5130-4E93-9318-6B406E4CAF7F}
	EndProjectSection
EndProject
Project("{2150E333-8FDC-42A3-9474-1A3956D46DE8}") = "BerkelyDb", "BerkelyDb", "{E167E915-E47F-4A40-B13C-2CD2ECF0A3F6}"
EndProject
Project("{2150E333-8FDC-42A3-9474-1A3956D46DE8}") = "Components", "Components", "{3C035D25-DB94-41A2-830F-349205B44D6C}"
EndProject
Project("{FAE04EC0-301F-11D3-BF4B-00C04F79EFBC}") = "Server", "Infrastructure\SocketTransport\Server\Server.csproj", "{D5DC866D-E472-443F-83E4-C01EC15360CF}"
	ProjectSection(ProjectDependencies) = postProject
		{4331D056-5130-4E93-9318-6B406E4CAF7F} = {4331D056-5130-4E93-9318-6B406E4CAF7F}
		{919B42A5-AB36-4D9F-91BF-BB6D88117903} = {919B42A5-AB36-4D9F-91BF-BB6D88117903}
		{83C780D4-F1CA-487A-AB8F-4987EE88380B} = {83C780D4-F1CA-487A-AB8F-4987EE88380B}
	EndProjectSection
EndProject
Project("{FAE04EC0-301F-11D3-BF4B-00C04F79EFBC}") = "RelayComponent.BerkeleyDb", "Infrastructure\DataRelay\RelayComponent.BerkeleyDb\RelayComponent.BerkeleyDb.csproj", "{07B5031F-1EC5-420E-937C-C4D28C5E71B8}"
	ProjectSection(ProjectDependencies) = postProject
		{A7168E1C-2A56-44BE-80C3-342B4A0EFC09} = {A7168E1C-2A56-44BE-80C3-342B4A0EFC09}
		{7C93D02B-ACA3-473A-BF7A-CE327F4DBD8D} = {7C93D02B-ACA3-473A-BF7A-CE327F4DBD8D}
		{96D6B431-2895-4C2D-A9B3-2F96655F8C5F} = {96D6B431-2895-4C2D-A9B3-2F96655F8C5F}
		{4587A437-9408-44A2-8FE8-6DFC2499A07B} = {4587A437-9408-44A2-8FE8-6DFC2499A07B}
		{4331D056-5130-4E93-9318-6B406E4CAF7F} = {4331D056-5130-4E93-9318-6B406E4CAF7F}
		{FDDB1E6C-4D27-4C59-93B7-46E3DE31A71F} = {FDDB1E6C-4D27-4C59-93B7-46E3DE31A71F}
		{919B42A5-AB36-4D9F-91BF-BB6D88117903} = {919B42A5-AB36-4D9F-91BF-BB6D88117903}
		{2A0673C5-BEF2-42EF-9A30-096487BE1C0F} = {2A0673C5-BEF2-42EF-9A30-096487BE1C0F}
		{83C780D4-F1CA-487A-AB8F-4987EE88380B} = {83C780D4-F1CA-487A-AB8F-4987EE88380B}
		{1A8649F3-832B-4C8D-9D13-1ED901DD8DCC} = {1A8649F3-832B-4C8D-9D13-1ED901DD8DCC}
	EndProjectSection
EndProject
Project("{FAE04EC0-301F-11D3-BF4B-00C04F79EFBC}") = "BerkeleyDb.Configuration", "Infrastructure\BerkeleyDb\BerkeleyDb.Configuration\BerkeleyDb.Configuration.csproj", "{2A0673C5-BEF2-42EF-9A30-096487BE1C0F}"
	ProjectSection(ProjectDependencies) = postProject
		{7C93D02B-ACA3-473A-BF7A-CE327F4DBD8D} = {7C93D02B-ACA3-473A-BF7A-CE327F4DBD8D}
		{919B42A5-AB36-4D9F-91BF-BB6D88117903} = {919B42A5-AB36-4D9F-91BF-BB6D88117903}
	EndProjectSection
EndProject
Project("{8BC9CEB8-8B4A-11D0-8D11-00A0C91BC942}") = "BerkeleyDb.Wrapper.Common", "Infrastructure\BerkeleyDb\BerkeleyDb.Wrapper.Common\BerkeleyDb.Wrapper.Common.vcproj", "{7C93D02B-ACA3-473A-BF7A-CE327F4DBD8D}"
EndProject
Project("{FAE04EC0-301F-11D3-BF4B-00C04F79EFBC}") = "BerkeleyDb.Facade", "Infrastructure\BerkeleyDb\BerkeleyDb.Facade\BerkeleyDb.Facade.csproj", "{4587A437-9408-44A2-8FE8-6DFC2499A07B}"
	ProjectSection(ProjectDependencies) = postProject
		{7C93D02B-ACA3-473A-BF7A-CE327F4DBD8D} = {7C93D02B-ACA3-473A-BF7A-CE327F4DBD8D}
		{919B42A5-AB36-4D9F-91BF-BB6D88117903} = {919B42A5-AB36-4D9F-91BF-BB6D88117903}
		{2A0673C5-BEF2-42EF-9A30-096487BE1C0F} = {2A0673C5-BEF2-42EF-9A30-096487BE1C0F}
		{83C780D4-F1CA-487A-AB8F-4987EE88380B} = {83C780D4-F1CA-487A-AB8F-4987EE88380B}
		{1A8649F3-832B-4C8D-9D13-1ED901DD8DCC} = {1A8649F3-832B-4C8D-9D13-1ED901DD8DCC}
	EndProjectSection
EndProject
Project("{8BC9CEB8-8B4A-11D0-8D11-00A0C91BC942}") = "BerkeleyDb.Wrapper", "Infrastructure\BerkeleyDb\BerkeleyDb.Wrapper\BerkeleyDb.Wrapper.vcproj", "{1A8649F3-832B-4C8D-9D13-1ED901DD8DCC}"
	ProjectSection(ProjectDependencies) = postProject
		{4331D056-5130-4E93-9318-6B406E4CAF7F} = {4331D056-5130-4E93-9318-6B406E4CAF7F}
		{919B42A5-AB36-4D9F-91BF-BB6D88117903} = {919B42A5-AB36-4D9F-91BF-BB6D88117903}
		{83C780D4-F1CA-487A-AB8F-4987EE88380B} = {83C780D4-F1CA-487A-AB8F-4987EE88380B}
	EndProjectSection
EndProject
Project("{2150E333-8FDC-42A3-9474-1A3956D46DE8}") = "Support Libraries", "Support Libraries", "{60E182C6-1040-4736-8288-7188973AF6DB}"
EndProject
Project("{FAE04EC0-301F-11D3-BF4B-00C04F79EFBC}") = "Shared", "Core\Shared\Shared.csproj", "{4331D056-5130-4E93-9318-6B406E4CAF7F}"
	ProjectSection(ProjectDependencies) = postProject
		{919B42A5-AB36-4D9F-91BF-BB6D88117903} = {919B42A5-AB36-4D9F-91BF-BB6D88117903}
	EndProjectSection
EndProject
Project("{FAE04EC0-301F-11D3-BF4B-00C04F79EFBC}") = "RelayComponent.CacheIndexV3Storage", "Infrastructure\DataRelay\RelayComponent.CacheIndexV3Storage\RelayComponent.CacheIndexV3Storage.csproj", "{5C5513D3-6995-43C9-AA66-A8C729AE90F7}"
	ProjectSection(ProjectDependencies) = postProject
		{4331D056-5130-4E93-9318-6B406E4CAF7F} = {4331D056-5130-4E93-9318-6B406E4CAF7F}
	EndProjectSection
EndProject
Project("{FAE04EC0-301F-11D3-BF4B-00C04F79EFBC}") = "DataRelay.SimpleConsoleClient", "Infrastructure\DataRelay\DataRelay.SimpleConsoleClient\DataRelay.SimpleConsoleClient.csproj", "{7D766853-DA65-499C-A6FD-9CE8F1338CCB}"
	ProjectSection(ProjectDependencies) = postProject
		{96D6B431-2895-4C2D-A9B3-2F96655F8C5F} = {96D6B431-2895-4C2D-A9B3-2F96655F8C5F}
		{4331D056-5130-4E93-9318-6B406E4CAF7F} = {4331D056-5130-4E93-9318-6B406E4CAF7F}
		{9EAF04E0-5DB7-4FBD-A23C-B4C93DA1AE63} = {9EAF04E0-5DB7-4FBD-A23C-B4C93DA1AE63}
	EndProjectSection
EndProject
Project("{2150E333-8FDC-42A3-9474-1A3956D46DE8}") = "Solution Items", "Solution Items", "{1847994B-C07B-4AF9-92EB-0D1143AD6B2E}"
	ProjectSection(SolutionItems) = preProject
		Infrastructure\BerkeleyDb\BerkeleyDb.Wrapper\LibDb.Debug\libdb47.Debug.win32.dll = Infrastructure\BerkeleyDb\BerkeleyDb.Wrapper\LibDb.Debug\libdb47.Debug.win32.dll
		Infrastructure\BerkeleyDb\BerkeleyDb.Wrapper\LibDb.Debug\libdb47.Debug.win32.exp = Infrastructure\BerkeleyDb\BerkeleyDb.Wrapper\LibDb.Debug\libdb47.Debug.win32.exp
		Infrastructure\BerkeleyDb\BerkeleyDb.Wrapper\LibDb.Debug\libdb47.Debug.win32.lib = Infrastructure\BerkeleyDb\BerkeleyDb.Wrapper\LibDb.Debug\libdb47.Debug.win32.lib
		Infrastructure\BerkeleyDb\BerkeleyDb.Wrapper\LibDb.Debug\libdb47.Debug.win32.pdb = Infrastructure\BerkeleyDb\BerkeleyDb.Wrapper\LibDb.Debug\libdb47.Debug.win32.pdb
		Infrastructure\BerkeleyDb\BerkeleyDb.Wrapper\LibDb.Debug\libdb47.Debug.x64.dll = Infrastructure\BerkeleyDb\BerkeleyDb.Wrapper\LibDb.Debug\libdb47.Debug.x64.dll
		Infrastructure\BerkeleyDb\BerkeleyDb.Wrapper\LibDb.Debug\libdb47.Debug.x64.exp = Infrastructure\BerkeleyDb\BerkeleyDb.Wrapper\LibDb.Debug\libdb47.Debug.x64.exp
		Infrastructure\BerkeleyDb\BerkeleyDb.Wrapper\LibDb.Debug\libdb47.Debug.x64.lib = Infrastructure\BerkeleyDb\BerkeleyDb.Wrapper\LibDb.Debug\libdb47.Debug.x64.lib
		Infrastructure\BerkeleyDb\BerkeleyDb.Wrapper\LibDb.Debug\libdb47.Debug.x64.pdb = Infrastructure\BerkeleyDb\BerkeleyDb.Wrapper\LibDb.Debug\libdb47.Debug.x64.pdb
		Infrastructure\BerkeleyDb\BerkeleyDb.Wrapper\LibDb\libdb47.win32.dll = Infrastructure\BerkeleyDb\BerkeleyDb.Wrapper\LibDb\libdb47.win32.dll
		Infrastructure\BerkeleyDb\BerkeleyDb.Wrapper\LibDb\libdb47.win32.exp = Infrastructure\BerkeleyDb\BerkeleyDb.Wrapper\LibDb\libdb47.win32.exp
		Infrastructure\BerkeleyDb\BerkeleyDb.Wrapper\LibDb\libdb47.win32.lib = Infrastructure\BerkeleyDb\BerkeleyDb.Wrapper\LibDb\libdb47.win32.lib
		Infrastructure\BerkeleyDb\BerkeleyDb.Wrapper\LibDb\libdb47.win32.pdb = Infrastructure\BerkeleyDb\BerkeleyDb.Wrapper\LibDb\libdb47.win32.pdb
		Infrastructure\BerkeleyDb\BerkeleyDb.Wrapper\LibDb\libdb47.x64.dll = Infrastructure\BerkeleyDb\BerkeleyDb.Wrapper\LibDb\libdb47.x64.dll
		Infrastructure\BerkeleyDb\BerkeleyDb.Wrapper\LibDb\libdb47.x64.exp = Infrastructure\BerkeleyDb\BerkeleyDb.Wrapper\LibDb\libdb47.x64.exp
		Infrastructure\BerkeleyDb\BerkeleyDb.Wrapper\LibDb\libdb47.x64.lib = Infrastructure\BerkeleyDb\BerkeleyDb.Wrapper\LibDb\libdb47.x64.lib
		Infrastructure\BerkeleyDb\BerkeleyDb.Wrapper\LibDb\libdb47.x64.pdb = Infrastructure\BerkeleyDb\BerkeleyDb.Wrapper\LibDb\libdb47.x64.pdb
		_drop\LICENSE-log4net.txt = _drop\LICENSE-log4net.txt
		_drop\License-PowerCollections.txt = _drop\License-PowerCollections.txt
		_drop\log4net.dll = _drop\log4net.dll
		_drop\log4net.pdb = _drop\log4net.pdb
		_drop\ManagedZLib.x64.dll = _drop\ManagedZLib.x64.dll
		_drop\ManagedZLib.x64.pdb = _drop\ManagedZLib.x64.pdb
		_drop\ManagedZLib.x86.dll = _drop\ManagedZLib.x86.dll
		_drop\ManagedZLib.x86.pdb = _drop\ManagedZLib.x86.pdb
		_drop\NOTICE-log4net.txt = _drop\NOTICE-log4net.txt
		_drop\PowerCollections.dll = _drop\PowerCollections.dll
	EndProjectSection
EndProject
Global
	GlobalSection(SolutionConfigurationPlatforms) = preSolution
		Debug|Any CPU = Debug|Any CPU
		Debug|x64 = Debug|x64
		Release|Any CPU = Release|Any CPU
		Release|x64 = Release|x64
	EndGlobalSection
	GlobalSection(ProjectConfigurationPlatforms) = postSolution
		{96D6B431-2895-4C2D-A9B3-2F96655F8C5F}.Debug|Any CPU.ActiveCfg = Debug|Any CPU
		{96D6B431-2895-4C2D-A9B3-2F96655F8C5F}.Debug|Any CPU.Build.0 = Debug|Any CPU
		{96D6B431-2895-4C2D-A9B3-2F96655F8C5F}.Debug|x64.ActiveCfg = Debug|x64
		{96D6B431-2895-4C2D-A9B3-2F96655F8C5F}.Debug|x64.Build.0 = Debug|x64
		{96D6B431-2895-4C2D-A9B3-2F96655F8C5F}.Release|Any CPU.ActiveCfg = Release|Any CPU
		{96D6B431-2895-4C2D-A9B3-2F96655F8C5F}.Release|Any CPU.Build.0 = Release|Any CPU
		{96D6B431-2895-4C2D-A9B3-2F96655F8C5F}.Release|x64.ActiveCfg = Release|Any CPU
		{96D6B431-2895-4C2D-A9B3-2F96655F8C5F}.Release|x64.Build.0 = Release|Any CPU
		{919B42A5-AB36-4D9F-91BF-BB6D88117903}.Debug|Any CPU.ActiveCfg = Debug|Any CPU
		{919B42A5-AB36-4D9F-91BF-BB6D88117903}.Debug|Any CPU.Build.0 = Debug|Any CPU
		{919B42A5-AB36-4D9F-91BF-BB6D88117903}.Debug|x64.ActiveCfg = Debug|Any CPU
		{919B42A5-AB36-4D9F-91BF-BB6D88117903}.Debug|x64.Build.0 = Debug|Any CPU
		{919B42A5-AB36-4D9F-91BF-BB6D88117903}.Release|Any CPU.ActiveCfg = Release|Any CPU
		{919B42A5-AB36-4D9F-91BF-BB6D88117903}.Release|Any CPU.Build.0 = Release|Any CPU
		{919B42A5-AB36-4D9F-91BF-BB6D88117903}.Release|x64.ActiveCfg = Release|Any CPU
		{919B42A5-AB36-4D9F-91BF-BB6D88117903}.Release|x64.Build.0 = Release|Any CPU
		{A7168E1C-2A56-44BE-80C3-342B4A0EFC09}.Debug|Any CPU.ActiveCfg = Debug|Any CPU
		{A7168E1C-2A56-44BE-80C3-342B4A0EFC09}.Debug|Any CPU.Build.0 = Debug|Any CPU
		{A7168E1C-2A56-44BE-80C3-342B4A0EFC09}.Debug|x64.ActiveCfg = Debug|x64
		{A7168E1C-2A56-44BE-80C3-342B4A0EFC09}.Debug|x64.Build.0 = Debug|x64
		{A7168E1C-2A56-44BE-80C3-342B4A0EFC09}.Release|Any CPU.ActiveCfg = Release|Any CPU
		{A7168E1C-2A56-44BE-80C3-342B4A0EFC09}.Release|Any CPU.Build.0 = Release|Any CPU
		{A7168E1C-2A56-44BE-80C3-342B4A0EFC09}.Release|x64.ActiveCfg = Release|Any CPU
		{A7168E1C-2A56-44BE-80C3-342B4A0EFC09}.Release|x64.Build.0 = Release|Any CPU
		{9EAF04E0-5DB7-4FBD-A23C-B4C93DA1AE63}.Debug|Any CPU.ActiveCfg = Debug|Any CPU
		{9EAF04E0-5DB7-4FBD-A23C-B4C93DA1AE63}.Debug|Any CPU.Build.0 = Debug|Any CPU
		{9EAF04E0-5DB7-4FBD-A23C-B4C93DA1AE63}.Debug|x64.ActiveCfg = Debug|x64
		{9EAF04E0-5DB7-4FBD-A23C-B4C93DA1AE63}.Debug|x64.Build.0 = Debug|x64
		{9EAF04E0-5DB7-4FBD-A23C-B4C93DA1AE63}.Release|Any CPU.ActiveCfg = Release|Any CPU
		{9EAF04E0-5DB7-4FBD-A23C-B4C93DA1AE63}.Release|Any CPU.Build.0 = Release|Any CPU
		{9EAF04E0-5DB7-4FBD-A23C-B4C93DA1AE63}.Release|x64.ActiveCfg = Release|Any CPU
		{9EAF04E0-5DB7-4FBD-A23C-B4C93DA1AE63}.Release|x64.Build.0 = Release|Any CPU
		{005F9115-4B6E-4B2E-B34B-EE110328AF2F}.Debug|Any CPU.ActiveCfg = Debug|Any CPU
		{005F9115-4B6E-4B2E-B34B-EE110328AF2F}.Debug|Any CPU.Build.0 = Debug|Any CPU
		{005F9115-4B6E-4B2E-B34B-EE110328AF2F}.Debug|x64.ActiveCfg = Debug|x64
		{005F9115-4B6E-4B2E-B34B-EE110328AF2F}.Debug|x64.Build.0 = Debug|x64
		{005F9115-4B6E-4B2E-B34B-EE110328AF2F}.Release|Any CPU.ActiveCfg = Release|Any CPU
		{005F9115-4B6E-4B2E-B34B-EE110328AF2F}.Release|Any CPU.Build.0 = Release|Any CPU
		{005F9115-4B6E-4B2E-B34B-EE110328AF2F}.Release|x64.ActiveCfg = Release|Any CPU
		{005F9115-4B6E-4B2E-B34B-EE110328AF2F}.Release|x64.Build.0 = Release|Any CPU
		{83C780D4-F1CA-487A-AB8F-4987EE88380B}.Debug|Any CPU.ActiveCfg = Debug|Any CPU
		{83C780D4-F1CA-487A-AB8F-4987EE88380B}.Debug|Any CPU.Build.0 = Debug|Any CPU
		{83C780D4-F1CA-487A-AB8F-4987EE88380B}.Debug|x64.ActiveCfg = Debug|Any CPU
		{83C780D4-F1CA-487A-AB8F-4987EE88380B}.Debug|x64.Build.0 = Debug|Any CPU
		{83C780D4-F1CA-487A-AB8F-4987EE88380B}.Release|Any CPU.ActiveCfg = Release|Any CPU
		{83C780D4-F1CA-487A-AB8F-4987EE88380B}.Release|Any CPU.Build.0 = Release|Any CPU
		{83C780D4-F1CA-487A-AB8F-4987EE88380B}.Release|x64.ActiveCfg = Release|Any CPU
		{83C780D4-F1CA-487A-AB8F-4987EE88380B}.Release|x64.Build.0 = Release|Any CPU
		{74FE2ACF-763C-483B-BF5D-673A807F7E17}.Debug|Any CPU.ActiveCfg = Debug|Any CPU
		{74FE2ACF-763C-483B-BF5D-673A807F7E17}.Debug|Any CPU.Build.0 = Debug|Any CPU
		{74FE2ACF-763C-483B-BF5D-673A807F7E17}.Debug|x64.ActiveCfg = Debug|Any CPU
		{74FE2ACF-763C-483B-BF5D-673A807F7E17}.Debug|x64.Build.0 = Debug|Any CPU
		{74FE2ACF-763C-483B-BF5D-673A807F7E17}.Release|Any CPU.ActiveCfg = Release|Any CPU
		{74FE2ACF-763C-483B-BF5D-673A807F7E17}.Release|Any CPU.Build.0 = Release|Any CPU
		{74FE2ACF-763C-483B-BF5D-673A807F7E17}.Release|x64.ActiveCfg = Release|Any CPU
		{74FE2ACF-763C-483B-BF5D-673A807F7E17}.Release|x64.Build.0 = Release|Any CPU
		{8EE6155E-AD75-4D62-9E74-945E27565698}.Debug|Any CPU.ActiveCfg = Debug|Any CPU
		{8EE6155E-AD75-4D62-9E74-945E27565698}.Debug|Any CPU.Build.0 = Debug|Any CPU
		{8EE6155E-AD75-4D62-9E74-945E27565698}.Debug|x64.ActiveCfg = Debug|Any CPU
		{8EE6155E-AD75-4D62-9E74-945E27565698}.Debug|x64.Build.0 = Debug|Any CPU
		{8EE6155E-AD75-4D62-9E74-945E27565698}.Release|Any CPU.ActiveCfg = Release|Any CPU
		{8EE6155E-AD75-4D62-9E74-945E27565698}.Release|Any CPU.Build.0 = Release|Any CPU
		{8EE6155E-AD75-4D62-9E74-945E27565698}.Release|x64.ActiveCfg = Release|Any CPU
		{8EE6155E-AD75-4D62-9E74-945E27565698}.Release|x64.Build.0 = Release|Any CPU
		{418EE160-F489-40A9-B108-A2E15F4C33B0}.Debug|Any CPU.ActiveCfg = Debug|Any CPU
		{418EE160-F489-40A9-B108-A2E15F4C33B0}.Debug|Any CPU.Build.0 = Debug|Any CPU
		{418EE160-F489-40A9-B108-A2E15F4C33B0}.Debug|x64.ActiveCfg = Debug|Any CPU
		{418EE160-F489-40A9-B108-A2E15F4C33B0}.Debug|x64.Build.0 = Debug|Any CPU
		{418EE160-F489-40A9-B108-A2E15F4C33B0}.Release|Any CPU.ActiveCfg = Release|Any CPU
		{418EE160-F489-40A9-B108-A2E15F4C33B0}.Release|Any CPU.Build.0 = Release|Any CPU
		{418EE160-F489-40A9-B108-A2E15F4C33B0}.Release|x64.ActiveCfg = Release|Any CPU
		{418EE160-F489-40A9-B108-A2E15F4C33B0}.Release|x64.Build.0 = Release|Any CPU
		{95B832D2-E37D-4379-8568-D9296A82DB26}.Debug|Any CPU.ActiveCfg = Debug|Any CPU
		{95B832D2-E37D-4379-8568-D9296A82DB26}.Debug|Any CPU.Build.0 = Debug|Any CPU
		{95B832D2-E37D-4379-8568-D9296A82DB26}.Debug|x64.ActiveCfg = Debug|Any CPU
		{95B832D2-E37D-4379-8568-D9296A82DB26}.Debug|x64.Build.0 = Debug|Any CPU
		{95B832D2-E37D-4379-8568-D9296A82DB26}.Release|Any CPU.ActiveCfg = Release|Any CPU
		{95B832D2-E37D-4379-8568-D9296A82DB26}.Release|Any CPU.Build.0 = Release|Any CPU
		{95B832D2-E37D-4379-8568-D9296A82DB26}.Release|x64.ActiveCfg = Release|Any CPU
		{95B832D2-E37D-4379-8568-D9296A82DB26}.Release|x64.Build.0 = Release|Any CPU
		{5FADD177-94DA-4D87-A093-AE9ED5E07955}.Debug|Any CPU.ActiveCfg = Debug|Any CPU
		{5FADD177-94DA-4D87-A093-AE9ED5E07955}.Debug|Any CPU.Build.0 = Debug|Any CPU
		{5FADD177-94DA-4D87-A093-AE9ED5E07955}.Debug|x64.ActiveCfg = Debug|Any CPU
		{5FADD177-94DA-4D87-A093-AE9ED5E07955}.Debug|x64.Build.0 = Debug|Any CPU
		{5FADD177-94DA-4D87-A093-AE9ED5E07955}.Release|Any CPU.ActiveCfg = Release|Any CPU
		{5FADD177-94DA-4D87-A093-AE9ED5E07955}.Release|Any CPU.Build.0 = Release|Any CPU
		{5FADD177-94DA-4D87-A093-AE9ED5E07955}.Release|x64.ActiveCfg = Release|Any CPU
		{5FADD177-94DA-4D87-A093-AE9ED5E07955}.Release|x64.Build.0 = Release|Any CPU
		{0E785A6A-A89F-4ECA-8B4B-8904B4E159BE}.Debug|Any CPU.ActiveCfg = Debug|Any CPU
		{0E785A6A-A89F-4ECA-8B4B-8904B4E159BE}.Debug|Any CPU.Build.0 = Debug|Any CPU
		{0E785A6A-A89F-4ECA-8B4B-8904B4E159BE}.Debug|x64.ActiveCfg = Debug|x64
		{0E785A6A-A89F-4ECA-8B4B-8904B4E159BE}.Debug|x64.Build.0 = Debug|x64
		{0E785A6A-A89F-4ECA-8B4B-8904B4E159BE}.Release|Any CPU.ActiveCfg = Release|Any CPU
		{0E785A6A-A89F-4ECA-8B4B-8904B4E159BE}.Release|Any CPU.Build.0 = Release|Any CPU
		{0E785A6A-A89F-4ECA-8B4B-8904B4E159BE}.Release|x64.ActiveCfg = Release|Any CPU
		{0E785A6A-A89F-4ECA-8B4B-8904B4E159BE}.Release|x64.Build.0 = Release|Any CPU
		{FDDB1E6C-4D27-4C59-93B7-46E3DE31A71F}.Debug|Any CPU.ActiveCfg = Debug|Any CPU
		{FDDB1E6C-4D27-4C59-93B7-46E3DE31A71F}.Debug|Any CPU.Build.0 = Debug|Any CPU
		{FDDB1E6C-4D27-4C59-93B7-46E3DE31A71F}.Debug|x64.ActiveCfg = Debug|x64
		{FDDB1E6C-4D27-4C59-93B7-46E3DE31A71F}.Debug|x64.Build.0 = Debug|x64
		{FDDB1E6C-4D27-4C59-93B7-46E3DE31A71F}.Release|Any CPU.ActiveCfg = Release|Any CPU
		{FDDB1E6C-4D27-4C59-93B7-46E3DE31A71F}.Release|Any CPU.Build.0 = Release|Any CPU
		{FDDB1E6C-4D27-4C59-93B7-46E3DE31A71F}.Release|x64.ActiveCfg = Release|Any CPU
		{FDDB1E6C-4D27-4C59-93B7-46E3DE31A71F}.Release|x64.Build.0 = Release|Any CPU
		{8F1BA59C-4464-4E76-8F9C-A7AF8B1E1D06}.Debug|Any CPU.ActiveCfg = Debug|Any CPU
		{8F1BA59C-4464-4E76-8F9C-A7AF8B1E1D06}.Debug|Any CPU.Build.0 = Debug|Any CPU
		{8F1BA59C-4464-4E76-8F9C-A7AF8B1E1D06}.Debug|x64.ActiveCfg = Debug|Any CPU
		{8F1BA59C-4464-4E76-8F9C-A7AF8B1E1D06}.Debug|x64.Build.0 = Debug|Any CPU
		{8F1BA59C-4464-4E76-8F9C-A7AF8B1E1D06}.Release|Any CPU.ActiveCfg = Release|Any CPU
		{8F1BA59C-4464-4E76-8F9C-A7AF8B1E1D06}.Release|Any CPU.Build.0 = Release|Any CPU
		{8F1BA59C-4464-4E76-8F9C-A7AF8B1E1D06}.Release|x64.ActiveCfg = Release|Any CPU
		{8F1BA59C-4464-4E76-8F9C-A7AF8B1E1D06}.Release|x64.Build.0 = Release|Any CPU
		{D5DC866D-E472-443F-83E4-C01EC15360CF}.Debug|Any CPU.ActiveCfg = Debug|Any CPU
		{D5DC866D-E472-443F-83E4-C01EC15360CF}.Debug|Any CPU.Build.0 = Debug|Any CPU
		{D5DC866D-E472-443F-83E4-C01EC15360CF}.Debug|x64.ActiveCfg = Debug|Any CPU
		{D5DC866D-E472-443F-83E4-C01EC15360CF}.Debug|x64.Build.0 = Debug|Any CPU
		{D5DC866D-E472-443F-83E4-C01EC15360CF}.Release|Any CPU.ActiveCfg = Release|Any CPU
		{D5DC866D-E472-443F-83E4-C01EC15360CF}.Release|Any CPU.Build.0 = Release|Any CPU
		{D5DC866D-E472-443F-83E4-C01EC15360CF}.Release|x64.ActiveCfg = Release|Any CPU
		{D5DC866D-E472-443F-83E4-C01EC15360CF}.Release|x64.Build.0 = Release|Any CPU
		{07B5031F-1EC5-420E-937C-C4D28C5E71B8}.Debug|Any CPU.ActiveCfg = Debug|Any CPU
		{07B5031F-1EC5-420E-937C-C4D28C5E71B8}.Debug|Any CPU.Build.0 = Debug|Any CPU
		{07B5031F-1EC5-420E-937C-C4D28C5E71B8}.Debug|x64.ActiveCfg = Debug|x64
		{07B5031F-1EC5-420E-937C-C4D28C5E71B8}.Debug|x64.Build.0 = Debug|x64
		{07B5031F-1EC5-420E-937C-C4D28C5E71B8}.Release|Any CPU.ActiveCfg = Release|Any CPU
		{07B5031F-1EC5-420E-937C-C4D28C5E71B8}.Release|Any CPU.Build.0 = Release|Any CPU
		{07B5031F-1EC5-420E-937C-C4D28C5E71B8}.Release|x64.ActiveCfg = Release|x64
		{07B5031F-1EC5-420E-937C-C4D28C5E71B8}.Release|x64.Build.0 = Release|x64
		{2A0673C5-BEF2-42EF-9A30-096487BE1C0F}.Debug|Any CPU.ActiveCfg = Debug|Win32
		{2A0673C5-BEF2-42EF-9A30-096487BE1C0F}.Debug|Any CPU.Build.0 = Debug|Win32
		{2A0673C5-BEF2-42EF-9A30-096487BE1C0F}.Debug|x64.ActiveCfg = Debug|x64
		{2A0673C5-BEF2-42EF-9A30-096487BE1C0F}.Debug|x64.Build.0 = Debug|x64
		{2A0673C5-BEF2-42EF-9A30-096487BE1C0F}.Release|Any CPU.ActiveCfg = Release|Win32
		{2A0673C5-BEF2-42EF-9A30-096487BE1C0F}.Release|Any CPU.Build.0 = Release|Win32
		{2A0673C5-BEF2-42EF-9A30-096487BE1C0F}.Release|x64.ActiveCfg = Release|x64
		{2A0673C5-BEF2-42EF-9A30-096487BE1C0F}.Release|x64.Build.0 = Release|x64
		{7C93D02B-ACA3-473A-BF7A-CE327F4DBD8D}.Debug|Any CPU.ActiveCfg = Debug|Win32
		{7C93D02B-ACA3-473A-BF7A-CE327F4DBD8D}.Debug|Any CPU.Build.0 = Debug|Win32
		{7C93D02B-ACA3-473A-BF7A-CE327F4DBD8D}.Debug|x64.ActiveCfg = Debug|x64
		{7C93D02B-ACA3-473A-BF7A-CE327F4DBD8D}.Debug|x64.Build.0 = Debug|x64
		{7C93D02B-ACA3-473A-BF7A-CE327F4DBD8D}.Release|Any CPU.ActiveCfg = Release|Win32
		{7C93D02B-ACA3-473A-BF7A-CE327F4DBD8D}.Release|Any CPU.Build.0 = Release|Win32
		{7C93D02B-ACA3-473A-BF7A-CE327F4DBD8D}.Release|x64.ActiveCfg = Release|x64
		{7C93D02B-ACA3-473A-BF7A-CE327F4DBD8D}.Release|x64.Build.0 = Release|x64
		{4587A437-9408-44A2-8FE8-6DFC2499A07B}.Debug|Any CPU.ActiveCfg = Debug|Any CPU
		{4587A437-9408-44A2-8FE8-6DFC2499A07B}.Debug|Any CPU.Build.0 = Debug|Any CPU
		{4587A437-9408-44A2-8FE8-6DFC2499A07B}.Debug|x64.ActiveCfg = Debug|x64
		{4587A437-9408-44A2-8FE8-6DFC2499A07B}.Debug|x64.Build.0 = Debug|x64
		{4587A437-9408-44A2-8FE8-6DFC2499A07B}.Release|Any CPU.ActiveCfg = Release|Any CPU
		{4587A437-9408-44A2-8FE8-6DFC2499A07B}.Release|Any CPU.Build.0 = Release|Any CPU
		{4587A437-9408-44A2-8FE8-6DFC2499A07B}.Release|x64.ActiveCfg = Release|x64
		{4587A437-9408-44A2-8FE8-6DFC2499A07B}.Release|x64.Build.0 = Release|x64
		{1A8649F3-832B-4C8D-9D13-1ED901DD8DCC}.Debug|Any CPU.ActiveCfg = Debug|Win32
		{1A8649F3-832B-4C8D-9D13-1ED901DD8DCC}.Debug|Any CPU.Build.0 = Debug|Win32
		{1A8649F3-832B-4C8D-9D13-1ED901DD8DCC}.Debug|x64.ActiveCfg = Debug|x64
		{1A8649F3-832B-4C8D-9D13-1ED901DD8DCC}.Debug|x64.Build.0 = Debug|x64
		{1A8649F3-832B-4C8D-9D13-1ED901DD8DCC}.Release|Any CPU.ActiveCfg = Release|Win32
		{1A8649F3-832B-4C8D-9D13-1ED901DD8DCC}.Release|Any CPU.Build.0 = Release|Win32
		{1A8649F3-832B-4C8D-9D13-1ED901DD8DCC}.Release|x64.ActiveCfg = Release|x64
		{1A8649F3-832B-4C8D-9D13-1ED901DD8DCC}.Release|x64.Build.0 = Release|x64
		{4331D056-5130-4E93-9318-6B406E4CAF7F}.Debug|Any CPU.ActiveCfg = Debug|Any CPU
		{4331D056-5130-4E93-9318-6B406E4CAF7F}.Debug|Any CPU.Build.0 = Debug|Any CPU
		{4331D056-5130-4E93-9318-6B406E4CAF7F}.Debug|x64.ActiveCfg = Debug|x64
		{4331D056-5130-4E93-9318-6B406E4CAF7F}.Debug|x64.Build.0 = Debug|x64
		{4331D056-5130-4E93-9318-6B406E4CAF7F}.Release|Any CPU.ActiveCfg = Release|Any CPU
		{4331D056-5130-4E93-9318-6B406E4CAF7F}.Release|Any CPU.Build.0 = Release|Any CPU
		{4331D056-5130-4E93-9318-6B406E4CAF7F}.Release|x64.ActiveCfg = Release|x64
		{4331D056-5130-4E93-9318-6B406E4CAF7F}.Release|x64.Build.0 = Release|x64
		{5C5513D3-6995-43C9-AA66-A8C729AE90F7}.Debug|Any CPU.ActiveCfg = Debug|Any CPU
		{5C5513D3-6995-43C9-AA66-A8C729AE90F7}.Debug|Any CPU.Build.0 = Debug|Any CPU
		{5C5513D3-6995-43C9-AA66-A8C729AE90F7}.Debug|x64.ActiveCfg = Debug|x64
		{5C5513D3-6995-43C9-AA66-A8C729AE90F7}.Debug|x64.Build.0 = Debug|x64
		{5C5513D3-6995-43C9-AA66-A8C729AE90F7}.Release|Any CPU.ActiveCfg = Release|Any CPU
		{5C5513D3-6995-43C9-AA66-A8C729AE90F7}.Release|Any CPU.Build.0 = Release|Any CPU
		{5C5513D3-6995-43C9-AA66-A8C729AE90F7}.Release|x64.ActiveCfg = Release|x64
		{5C5513D3-6995-43C9-AA66-A8C729AE90F7}.Release|x64.Build.0 = Release|x64
		{7D766853-DA65-499C-A6FD-9CE8F1338CCB}.Debug|Any CPU.ActiveCfg = Debug|Any CPU
		{7D766853-DA65-499C-A6FD-9CE8F1338CCB}.Debug|Any CPU.Build.0 = Debug|Any CPU
		{7D766853-DA65-499C-A6FD-9CE8F1338CCB}.Debug|x64.ActiveCfg = Debug|Any CPU
		{7D766853-DA65-499C-A6FD-9CE8F1338CCB}.Debug|x64.Build.0 = Debug|Any CPU
		{7D766853-DA65-499C-A6FD-9CE8F1338CCB}.Release|Any CPU.ActiveCfg = Release|Any CPU
		{7D766853-DA65-499C-A6FD-9CE8F1338CCB}.Release|Any CPU.Build.0 = Release|Any CPU
		{7D766853-DA65-499C-A6FD-9CE8F1338CCB}.Release|x64.ActiveCfg = Release|Any CPU
		{7D766853-DA65-499C-A6FD-9CE8F1338CCB}.Release|x64.Build.0 = Release|Any CPU
	EndGlobalSection
	GlobalSection(SolutionProperties) = preSolution
		HideSolutionNode = FALSE
	EndGlobalSection
	GlobalSection(NestedProjects) = preSolution
		{96D6B431-2895-4C2D-A9B3-2F96655F8C5F} = {40F105F4-6BE2-4BC5-9FDC-43AEB3C83257}
		{E05934F1-EB24-4B85-B42D-145954297333} = {40F105F4-6BE2-4BC5-9FDC-43AEB3C83257}
		{9EAF04E0-5DB7-4FBD-A23C-B4C93DA1AE63} = {40F105F4-6BE2-4BC5-9FDC-43AEB3C83257}
		{3C035D25-DB94-41A2-830F-349205B44D6C} = {40F105F4-6BE2-4BC5-9FDC-43AEB3C83257}
		{8EE6155E-AD75-4D62-9E74-945E27565698} = {40F105F4-6BE2-4BC5-9FDC-43AEB3C83257}
		{7D766853-DA65-499C-A6FD-9CE8F1338CCB} = {40F105F4-6BE2-4BC5-9FDC-43AEB3C83257}
		{83C780D4-F1CA-487A-AB8F-4987EE88380B} = {60E182C6-1040-4736-8288-7188973AF6DB}
		{919B42A5-AB36-4D9F-91BF-BB6D88117903} = {60E182C6-1040-4736-8288-7188973AF6DB}
		{4331D056-5130-4E93-9318-6B406E4CAF7F} = {60E182C6-1040-4736-8288-7188973AF6DB}
		{A7168E1C-2A56-44BE-80C3-342B4A0EFC09} = {E05934F1-EB24-4B85-B42D-145954297333}
		{5FADD177-94DA-4D87-A093-AE9ED5E07955} = {E05934F1-EB24-4B85-B42D-145954297333}
		{0E785A6A-A89F-4ECA-8B4B-8904B4E159BE} = {E05934F1-EB24-4B85-B42D-145954297333}
		{FDDB1E6C-4D27-4C59-93B7-46E3DE31A71F} = {E05934F1-EB24-4B85-B42D-145954297333}
		{8F1BA59C-4464-4E76-8F9C-A7AF8B1E1D06} = {E05934F1-EB24-4B85-B42D-145954297333}
		{005F9115-4B6E-4B2E-B34B-EE110328AF2F} = {873ED04F-AD21-4643-9B14-6E3AC68E3380}
		{418EE160-F489-40A9-B108-A2E15F4C33B0} = {873ED04F-AD21-4643-9B14-6E3AC68E3380}
		{95B832D2-E37D-4379-8568-D9296A82DB26} = {873ED04F-AD21-4643-9B14-6E3AC68E3380}
		{D5DC866D-E472-443F-83E4-C01EC15360CF} = {873ED04F-AD21-4643-9B14-6E3AC68E3380}
		{74FE2ACF-763C-483B-BF5D-673A807F7E17} = {3C035D25-DB94-41A2-830F-349205B44D6C}
		{07B5031F-1EC5-420E-937C-C4D28C5E71B8} = {3C035D25-DB94-41A2-830F-349205B44D6C}
		{5C5513D3-6995-43C9-AA66-A8C729AE90F7} = {3C035D25-DB94-41A2-830F-349205B44D6C}
		{2A0673C5-BEF2-42EF-9A30-096487BE1C0F} = {E167E915-E47F-4A40-B13C-2CD2ECF0A3F6}
		{7C93D02B-ACA3-473A-BF7A-CE327F4DBD8D} = {E167E915-E47F-4A40-B13C-2CD2ECF0A3F6}
		{4587A437-9408-44A2-8FE8-6DFC2499A07B} = {E167E915-E47F-4A40-B13C-2CD2ECF0A3F6}
		{1A8649F3-832B-4C8D-9D13-1ED901DD8DCC} = {E167E915-E47F-4A40-B13C-2CD2ECF0A3F6}
	EndGlobalSection
	GlobalSection(TeamFoundationVersionControl) = preSolution
		SccNumberOfProjects = 24
		SccEnterpriseProvider = {4CA58AB2-18FA-4F8D-95D4-32DDF27D184C}
		SccTeamFoundationServer = https://tfs05.codeplex.com/
		SccLocalPath0 = .
		SccProjectUniqueName1 = Core\\Logging\\Logging.csproj
		SccProjectTopLevelParentUniqueName1 = DataRelay-OpenSource.sln
		SccProjectName1 = Core/Logging
		SccLocalPath1 = Core\\Logging
		SccProjectUniqueName2 = Core\\ResourcePool\\ResourcePool.csproj
		SccProjectTopLevelParentUniqueName2 = DataRelay-OpenSource.sln
		SccProjectName2 = Core/ResourcePool
		SccLocalPath2 = Core\\ResourcePool
		SccProjectUniqueName3 = Core\\Shared\\Shared.csproj
		SccProjectTopLevelParentUniqueName3 = DataRelay-OpenSource.sln
		SccProjectName3 = Core/Shared
		SccLocalPath3 = Core\\Shared
		SccProjectUniqueName4 = Infrastructure\\BerkeleyDb\\BerkeleyDb.Configuration\\BerkeleyDb.Configuration.csproj
		SccProjectTopLevelParentUniqueName4 = DataRelay-OpenSource.sln
		SccProjectName4 = Infrastructure/BerkeleyDb/BerkeleyDb.Configuration
		SccLocalPath4 = Infrastructure\\BerkeleyDb\\BerkeleyDb.Configuration
		SccProjectUniqueName5 = Infrastructure\\BerkeleyDb\\BerkeleyDb.Facade\\BerkeleyDb.Facade.csproj
		SccProjectTopLevelParentUniqueName5 = DataRelay-OpenSource.sln
		SccProjectName5 = Infrastructure/BerkeleyDb/BerkeleyDb.Facade
		SccLocalPath5 = Infrastructure\\BerkeleyDb\\BerkeleyDb.Facade
		SccProjectUniqueName6 = Infrastructure\\BerkeleyDb\\BerkeleyDb.Wrapper.Common\\BerkeleyDb.Wrapper.Common.vcproj
		SccProjectTopLevelParentUniqueName6 = DataRelay-OpenSource.sln
		SccProjectName6 = Infrastructure/BerkeleyDb/BerkeleyDb.Wrapper.Common
		SccLocalPath6 = Infrastructure\\BerkeleyDb\\BerkeleyDb.Wrapper.Common
		SccProjectUniqueName7 = Infrastructure\\BerkeleyDb\\BerkeleyDb.Wrapper\\BerkeleyDb.Wrapper.vcproj
		SccProjectTopLevelParentUniqueName7 = DataRelay-OpenSource.sln
		SccProjectName7 = Infrastructure/BerkeleyDb/BerkeleyDb.Wrapper
		SccLocalPath7 = Infrastructure\\BerkeleyDb\\BerkeleyDb.Wrapper
		SccProjectUniqueName8 = Infrastructure\\DataRelay\\DataRelay.Client\\DataRelay.Client.csproj
		SccProjectTopLevelParentUniqueName8 = DataRelay-OpenSource.sln
		SccProjectName8 = Infrastructure/DataRelay/DataRelay.Client
		SccLocalPath8 = Infrastructure\\DataRelay\\DataRelay.Client
		SccProjectUniqueName9 = Infrastructure\\DataRelay\\DataRelay.Common\\DataRelay.Common.csproj
		SccProjectTopLevelParentUniqueName9 = DataRelay-OpenSource.sln
		SccProjectName9 = Infrastructure/DataRelay/DataRelay.Common
		SccLocalPath9 = Infrastructure\\DataRelay\\DataRelay.Common
		SccProjectUniqueName10 = Infrastructure\\DataRelay\\DataRelay.NodeFactory\\DataRelay.NodeFactory.csproj
		SccProjectTopLevelParentUniqueName10 = DataRelay-OpenSource.sln
		SccProjectName10 = Infrastructure/DataRelay/DataRelay.NodeFactory
		SccLocalPath10 = Infrastructure\\DataRelay\\DataRelay.NodeFactory
		SccProjectUniqueName11 = Infrastructure\\DataRelay\\DataRelay.RelayNode\\DataRelay.RelayNode.csproj
		SccProjectTopLevelParentUniqueName11 = DataRelay-OpenSource.sln
		SccProjectName11 = Infrastructure/DataRelay/DataRelay.RelayNode
		SccLocalPath11 = Infrastructure\\DataRelay\\DataRelay.RelayNode
		SccProjectUniqueName12 = Infrastructure\\DataRelay\\DataRelay.Server.Common\\DataRelay.Server.Common.csproj
		SccProjectTopLevelParentUniqueName12 = DataRelay-OpenSource.sln
		SccProjectName12 = Infrastructure/DataRelay/DataRelay.Server.Common
		SccLocalPath12 = Infrastructure\\DataRelay\\DataRelay.Server.Common
		SccProjectUniqueName13 = Infrastructure\\DataRelay\\DataRelay.Server\\DataRelay.Server.csproj
		SccProjectTopLevelParentUniqueName13 = DataRelay-OpenSource.sln
		SccProjectName13 = Infrastructure/DataRelay/DataRelay.Server
		SccLocalPath13 = Infrastructure\\DataRelay\\DataRelay.Server
		SccProjectUniqueName14 = Infrastructure\\DataRelay\\DataRelay.SimpleConsoleClient\\DataRelay.SimpleConsoleClient.csproj
		SccProjectTopLevelParentUniqueName14 = DataRelay-OpenSource.sln
		SccProjectName14 = Infrastructure/DataRelay/DataRelay.SimpleConsoleClient
		SccLocalPath14 = Infrastructure\\DataRelay\\DataRelay.SimpleConsoleClient
		SccProjectUniqueName15 = Infrastructure\\DataRelay\\DataRelay.Transports.Socket\\DataRelay.Transports.Socket.csproj
		SccProjectTopLevelParentUniqueName15 = DataRelay-OpenSource.sln
		SccProjectName15 = Infrastructure/DataRelay/DataRelay.Transports.Socket
		SccLocalPath15 = Infrastructure\\DataRelay\\DataRelay.Transports.Socket
		SccProjectUniqueName16 = Infrastructure\\DataRelay\\DataRelay.WindowsService\\DataRelay.WindowsService.csproj
		SccProjectTopLevelParentUniqueName16 = DataRelay-OpenSource.sln
		SccProjectName16 = Infrastructure/DataRelay/DataRelay.WindowsService
		SccLocalPath16 = Infrastructure\\DataRelay\\DataRelay.WindowsService
		SccProjectUniqueName17 = Infrastructure\\DataRelay\\RelayComponent.BerkeleyDb\\RelayComponent.BerkeleyDb.csproj
		SccProjectTopLevelParentUniqueName17 = DataRelay-OpenSource.sln
		SccProjectName17 = Infrastructure/DataRelay/RelayComponent.BerkeleyDb
		SccLocalPath17 = Infrastructure\\DataRelay\\RelayComponent.BerkeleyDb
		SccProjectUniqueName18 = Infrastructure\\DataRelay\\RelayComponent.CacheIndexV3Storage\\RelayComponent.CacheIndexV3Storage.csproj
		SccProjectTopLevelParentUniqueName18 = DataRelay-OpenSource.sln
		SccProjectName18 = Infrastructure/DataRelay/RelayComponent.CacheIndexV3Storage
		SccLocalPath18 = Infrastructure\\DataRelay\\RelayComponent.CacheIndexV3Storage
		SccProjectUniqueName19 = Infrastructure\\DataRelay\\RelayComponent.Forwarding\\RelayComponent.Forwarding.csproj
		SccProjectTopLevelParentUniqueName19 = DataRelay-OpenSource.sln
		SccProjectName19 = Infrastructure/DataRelay/RelayComponent.Forwarding
		SccLocalPath19 = Infrastructure\\DataRelay\\RelayComponent.Forwarding
		SccProjectUniqueName20 = Infrastructure\\SocketTransport\\AsyncClient\\AsyncClient.csproj
		SccProjectTopLevelParentUniqueName20 = DataRelay-OpenSource.sln
		SccProjectName20 = Infrastructure/SocketTransport/AsyncClient
		SccLocalPath20 = Infrastructure\\SocketTransport\\AsyncClient
		SccProjectUniqueName21 = Infrastructure\\SocketTransport\\Client\\Client.csproj
		SccProjectTopLevelParentUniqueName21 = DataRelay-OpenSource.sln
		SccProjectName21 = Infrastructure/SocketTransport/Client
		SccLocalPath21 = Infrastructure\\SocketTransport\\Client
		SccProjectUniqueName22 = Infrastructure\\SocketTransport\\Common\\Common.csproj
		SccProjectTopLevelParentUniqueName22 = DataRelay-OpenSource.sln
		SccProjectName22 = Infrastructure/SocketTransport/Common
		SccLocalPath22 = Infrastructure\\SocketTransport\\Common
		SccProjectUniqueName23 = Infrastructure\\SocketTransport\\Server\\Server.csproj
		SccProjectTopLevelParentUniqueName23 = DataRelay-OpenSource.sln
		SccProjectName23 = Infrastructure/SocketTransport/Server
		SccLocalPath23 = Infrastructure\\SocketTransport\\Server
	EndGlobalSection
EndGlobal
